{
  "requires": true,
  "lockfileVersion": 1,
  "dependencies": {
    "modern-normalize": {
      "version": "0.7.0",
      "resolved": "https://registry.npmjs.org/modern-normalize/-/modern-normalize-0.7.0.tgz",
      "integrity": "sha512-EiotlP2YuHgasvDZcgM5OAHAo9TV5d+GG6MNPO0wSaBRqVEc0ROPq7MuRRO7lfTGtAB6B72hTCfwA8mS6FeNeg=="
    }
  }
}
